// !$*UTF8*$!
{
	archiveVersion = 1;
	classes = {
	};
	objectVersion = 55;
	objects = {

/* Begin PBXBuildFile section */
		CB314157288CEB45001125E8 /* MainMessagesView.swift in Sources */ = {isa = PBXBuildFile; fileRef = CB314156288CEB45001125E8 /* MainMessagesView.swift */; };
		CB31415A288CF75C001125E8 /* ChatUser.swift in Sources */ = {isa = PBXBuildFile; fileRef = CB314159288CF75C001125E8 /* ChatUser.swift */; };
		CB31415D288CFA44001125E8 /* SDWebImageSwiftUI in Frameworks */ = {isa = PBXBuildFile; productRef = CB31415C288CFA44001125E8 /* SDWebImageSwiftUI */; };
		CB314160288D4C6F001125E8 /* CreateNewMessageView.swift in Sources */ = {isa = PBXBuildFile; fileRef = CB31415F288D4C6F001125E8 /* CreateNewMessageView.swift */; };
		CB314163288D502D001125E8 /* ChatLogView.swift in Sources */ = {isa = PBXBuildFile; fileRef = CB314162288D502D001125E8 /* ChatLogView.swift */; };
		CB314167288D7702001125E8 /* ChatMessage.swift in Sources */ = {isa = PBXBuildFile; fileRef = CB314166288D7702001125E8 /* ChatMessage.swift */; };
		CB314169288D7759001125E8 /* FirebaseConstants.swift in Sources */ = {isa = PBXBuildFile; fileRef = CB314168288D7759001125E8 /* FirebaseConstants.swift */; };
		CB3AB464288A8C8E00AB2E86 /* ImagePicker.swift in Sources */ = {isa = PBXBuildFile; fileRef = CB3AB463288A8C8E00AB2E86 /* ImagePicker.swift */; };
		CB3AB468288AFC3F00AB2E86 /* FirebaseFirestore in Frameworks */ = {isa = PBXBuildFile; productRef = CB3AB467288AFC3F00AB2E86 /* FirebaseFirestore */; };
		CB3AB46A288AFC3F00AB2E86 /* FirebaseStorage in Frameworks */ = {isa = PBXBuildFile; productRef = CB3AB469288AFC3F00AB2E86 /* FirebaseStorage */; };
		CB5F4C3F2889933E009E42EF /* CobyChatApp.swift in Sources */ = {isa = PBXBuildFile; fileRef = CB5F4C3E2889933E009E42EF /* CobyChatApp.swift */; };
		CB5F4C412889933E009E42EF /* LoginView.swift in Sources */ = {isa = PBXBuildFile; fileRef = CB5F4C402889933E009E42EF /* LoginView.swift */; };
		CB5F4C432889933F009E42EF /* Assets.xcassets in Resources */ = {isa = PBXBuildFile; fileRef = CB5F4C422889933F009E42EF /* Assets.xcassets */; };
		CB5F4C462889933F009E42EF /* Preview Assets.xcassets in Resources */ = {isa = PBXBuildFile; fileRef = CB5F4C452889933F009E42EF /* Preview Assets.xcassets */; };
		CBF6593F2889C54C00BFF9F0 /* FirebaseAuth in Frameworks */ = {isa = PBXBuildFile; productRef = CBF6593E2889C54C00BFF9F0 /* FirebaseAuth */; };
		CBF659412889C54C00BFF9F0 /* FirebaseStorage in Frameworks */ = {isa = PBXBuildFile; productRef = CBF659402889C54C00BFF9F0 /* FirebaseStorage */; };
		CBF659432889C5DC00BFF9F0 /* GoogleService-Info.plist in Resources */ = {isa = PBXBuildFile; fileRef = CBF659422889C5DC00BFF9F0 /* GoogleService-Info.plist */; };
		CBF659452889C68900BFF9F0 /* FirebaseManager.swift in Sources */ = {isa = PBXBuildFile; fileRef = CBF659442889C68900BFF9F0 /* FirebaseManager.swift */; };
/* End PBXBuildFile section */

/* Begin PBXFileReference section */
		CB314156288CEB45001125E8 /* MainMessagesView.swift */ = {isa = PBXFileReference; lastKnownFileType = sourcecode.swift; path = MainMessagesView.swift; sourceTree = "<group>"; };
		CB314159288CF75C001125E8 /* ChatUser.swift */ = {isa = PBXFileReference; lastKnownFileType = sourcecode.swift; path = ChatUser.swift; sourceTree = "<group>"; };
		CB31415F288D4C6F001125E8 /* CreateNewMessageView.swift */ = {isa = PBXFileReference; lastKnownFileType = sourcecode.swift; path = CreateNewMessageView.swift; sourceTree = "<group>"; };
		CB314162288D502D001125E8 /* ChatLogView.swift */ = {isa = PBXFileReference; lastKnownFileType = sourcecode.swift; path = ChatLogView.swift; sourceTree = "<group>"; };
		CB314166288D7702001125E8 /* ChatMessage.swift */ = {isa = PBXFileReference; lastKnownFileType = sourcecode.swift; path = ChatMessage.swift; sourceTree = "<group>"; };
		CB314168288D7759001125E8 /* FirebaseConstants.swift */ = {isa = PBXFileReference; lastKnownFileType = sourcecode.swift; path = FirebaseConstants.swift; sourceTree = "<group>"; };
		CB3AB463288A8C8E00AB2E86 /* ImagePicker.swift */ = {isa = PBXFileReference; lastKnownFileType = sourcecode.swift; path = ImagePicker.swift; sourceTree = "<group>"; };
		CB5F4C3B2889933E009E42EF /* CobyChat.app */ = {isa = PBXFileReference; explicitFileType = wrapper.application; includeInIndex = 0; path = CobyChat.app; sourceTree = BUILT_PRODUCTS_DIR; };
		CB5F4C3E2889933E009E42EF /* CobyChatApp.swift */ = {isa = PBXFileReference; lastKnownFileType = sourcecode.swift; path = CobyChatApp.swift; sourceTree = "<group>"; };
		CB5F4C402889933E009E42EF /* LoginView.swift */ = {isa = PBXFileReference; lastKnownFileType = sourcecode.swift; path = LoginView.swift; sourceTree = "<group>"; };
		CB5F4C422889933F009E42EF /* Assets.xcassets */ = {isa = PBXFileReference; lastKnownFileType = folder.assetcatalog; path = Assets.xcassets; sourceTree = "<group>"; };
		CB5F4C452889933F009E42EF /* Preview Assets.xcassets */ = {isa = PBXFileReference; lastKnownFileType = folder.assetcatalog; path = "Preview Assets.xcassets"; sourceTree = "<group>"; };
		CBF659422889C5DC00BFF9F0 /* GoogleService-Info.plist */ = {isa = PBXFileReference; fileEncoding = 4; lastKnownFileType = text.plist.xml; path = "GoogleService-Info.plist"; sourceTree = "<group>"; };
		CBF659442889C68900BFF9F0 /* FirebaseManager.swift */ = {isa = PBXFileReference; lastKnownFileType = sourcecode.swift; path = FirebaseManager.swift; sourceTree = "<group>"; };
/* End PBXFileReference section */

/* Begin PBXFrameworksBuildPhase section */
		CB5F4C382889933E009E42EF /* Frameworks */ = {
			isa = PBXFrameworksBuildPhase;
			buildActionMask = 2147483647;
			files = (
				CB31415D288CFA44001125E8 /* SDWebImageSwiftUI in Frameworks */,
				CBF6593F2889C54C00BFF9F0 /* FirebaseAuth in Frameworks */,
				CB3AB46A288AFC3F00AB2E86 /* FirebaseStorage in Frameworks */,
				CBF659412889C54C00BFF9F0 /* FirebaseStorage in Frameworks */,
				CB3AB468288AFC3F00AB2E86 /* FirebaseFirestore in Frameworks */,
			);
			runOnlyForDeploymentPostprocessing = 0;
		};
/* End PBXFrameworksBuildPhase section */

/* Begin PBXGroup section */
		CB314155288CEB24001125E8 /* MainMessages */ = {
			isa = PBXGroup;
			children = (
				CB314161288D5021001125E8 /* Chat */,
				CB31415E288D4C4B001125E8 /* NewMessage */,
				CB314156288CEB45001125E8 /* MainMessagesView.swift */,
			);
			path = MainMessages;
			sourceTree = "<group>";
		};
		CB314158288CF74C001125E8 /* Model */ = {
			isa = PBXGroup;
			children = (
				CB314159288CF75C001125E8 /* ChatUser.swift */,
			);
			path = Model;
			sourceTree = "<group>";
		};
		CB31415E288D4C4B001125E8 /* NewMessage */ = {
			isa = PBXGroup;
			children = (
				CB31415F288D4C6F001125E8 /* CreateNewMessageView.swift */,
			);
			path = NewMessage;
			sourceTree = "<group>";
		};
		CB314161288D5021001125E8 /* Chat */ = {
			isa = PBXGroup;
			children = (
				CB314162288D502D001125E8 /* ChatLogView.swift */,
				CB314166288D7702001125E8 /* ChatMessage.swift */,
			);
			path = Chat;
			sourceTree = "<group>";
		};
		CB3AB465288A8EB900AB2E86 /* Utils */ = {
			isa = PBXGroup;
			children = (
				CBF659442889C68900BFF9F0 /* FirebaseManager.swift */,
				CB314168288D7759001125E8 /* FirebaseConstants.swift */,
			);
			path = Utils;
			sourceTree = "<group>";
		};
		CB5F4C322889933E009E42EF = {
			isa = PBXGroup;
			children = (
				CB5F4C3D2889933E009E42EF /* CobyChat */,
				CB5F4C3C2889933E009E42EF /* Products */,
			);
			sourceTree = "<group>";
		};
		CB5F4C3C2889933E009E42EF /* Products */ = {
			isa = PBXGroup;
			children = (
				CB5F4C3B2889933E009E42EF /* CobyChat.app */,
			);
			name = Products;
			sourceTree = "<group>";
		};
		CB5F4C3D2889933E009E42EF /* CobyChat */ = {
			isa = PBXGroup;
			children = (
				CB314158288CF74C001125E8 /* Model */,
				CB314155288CEB24001125E8 /* MainMessages */,
				CB3AB465288A8EB900AB2E86 /* Utils */,
				CB5F4C3E2889933E009E42EF /* CobyChatApp.swift */,
				CB5F4C402889933E009E42EF /* LoginView.swift */,
				CB3AB463288A8C8E00AB2E86 /* ImagePicker.swift */,
				CBF659422889C5DC00BFF9F0 /* GoogleService-Info.plist */,
				CB5F4C422889933F009E42EF /* Assets.xcassets */,
				CB5F4C442889933F009E42EF /* Preview Content */,
			);
			path = CobyChat;
			sourceTree = "<group>";
		};
		CB5F4C442889933F009E42EF /* Preview Content */ = {
			isa = PBXGroup;
			children = (
				CB5F4C452889933F009E42EF /* Preview Assets.xcassets */,
			);
			path = "Preview Content";
			sourceTree = "<group>";
		};
/* End PBXGroup section */

/* Begin PBXNativeTarget section */
		CB5F4C3A2889933E009E42EF /* CobyChat */ = {
			isa = PBXNativeTarget;
			buildConfigurationList = CB5F4C492889933F009E42EF /* Build configuration list for PBXNativeTarget "CobyChat" */;
			buildPhases = (
				CB5F4C372889933E009E42EF /* Sources */,
				CB5F4C382889933E009E42EF /* Frameworks */,
				CB5F4C392889933E009E42EF /* Resources */,
			);
			buildRules = (
			);
			dependencies = (
			);
			name = CobyChat;
			packageProductDependencies = (
				CBF6593E2889C54C00BFF9F0 /* FirebaseAuth */,
				CBF659402889C54C00BFF9F0 /* FirebaseStorage */,
				CB3AB467288AFC3F00AB2E86 /* FirebaseFirestore */,
				CB3AB469288AFC3F00AB2E86 /* FirebaseStorage */,
				CB31415C288CFA44001125E8 /* SDWebImageSwiftUI */,
			);
			productName = CobyChat;
			productReference = CB5F4C3B2889933E009E42EF /* CobyChat.app */;
			productType = "com.apple.product-type.application";
		};
/* End PBXNativeTarget section */

/* Begin PBXProject section */
		CB5F4C332889933E009E42EF /* Project object */ = {
			isa = PBXProject;
			attributes = {
				BuildIndependentTargetsInParallel = 1;
				LastSwiftUpdateCheck = 1340;
				LastUpgradeCheck = 1340;
				TargetAttributes = {
					CB5F4C3A2889933E009E42EF = {
						CreatedOnToolsVersion = 13.4.1;
					};
				};
			};
			buildConfigurationList = CB5F4C362889933E009E42EF /* Build configuration list for PBXProject "CobyChat" */;
			compatibilityVersion = "Xcode 13.0";
			developmentRegion = en;
			hasScannedForEncodings = 0;
			knownRegions = (
				en,
				Base,
			);
			mainGroup = CB5F4C322889933E009E42EF;
			packageReferences = (
				CBF6593D2889C54C00BFF9F0 /* XCRemoteSwiftPackageReference "firebase-ios-sdk" */,
				CB3AB466288AFC3F00AB2E86 /* XCRemoteSwiftPackageReference "firebase-ios-sdk" */,
				CB31415B288CFA44001125E8 /* XCRemoteSwiftPackageReference "SDWebImageSwiftUI" */,
			);
			productRefGroup = CB5F4C3C2889933E009E42EF /* Products */;
			projectDirPath = "";
			projectRoot = "";
			targets = (
				CB5F4C3A2889933E009E42EF /* CobyChat */,
			);
		};
/* End PBXProject section */

/* Begin PBXResourcesBuildPhase section */
		CB5F4C392889933E009E42EF /* Resources */ = {
			isa = PBXResourcesBuildPhase;
			buildActionMask = 2147483647;
			files = (
				CB5F4C462889933F009E42EF /* Preview Assets.xcassets in Resources */,
				CB5F4C432889933F009E42EF /* Assets.xcassets in Resources */,
				CBF659432889C5DC00BFF9F0 /* GoogleService-Info.plist in Resources */,
			);
			runOnlyForDeploymentPostprocessing = 0;
		};
/* End PBXResourcesBuildPhase section */

/* Begin PBXSourcesBuildPhase section */
		CB5F4C372889933E009E42EF /* Sources */ = {
			isa = PBXSourcesBuildPhase;
			buildActionMask = 2147483647;
			files = (
				CB314167288D7702001125E8 /* ChatMessage.swift in Sources */,
				CB31415A288CF75C001125E8 /* ChatUser.swift in Sources */,
				CB314163288D502D001125E8 /* ChatLogView.swift in Sources */,
				CBF659452889C68900BFF9F0 /* FirebaseManager.swift in Sources */,
				CB3AB464288A8C8E00AB2E86 /* ImagePicker.swift in Sources */,
				CB5F4C412889933E009E42EF /* LoginView.swift in Sources */,
				CB314160288D4C6F001125E8 /* CreateNewMessageView.swift in Sources */,
				CB5F4C3F2889933E009E42EF /* CobyChatApp.swift in Sources */,
				CB314169288D7759001125E8 /* FirebaseConstants.swift in Sources */,
				CB314157288CEB45001125E8 /* MainMessagesView.swift in Sources */,
			);
			runOnlyForDeploymentPostprocessing = 0;
		};
/* End PBXSourcesBuildPhase section */

/* Begin XCBuildConfiguration section */
		CB5F4C472889933F009E42EF /* Debug */ = {
			isa = XCBuildConfiguration;
			buildSettings = {
				ALWAYS_SEARCH_USER_PATHS = NO;
				CLANG_ANALYZER_NONNULL = YES;
				CLANG_ANALYZER_NUMBER_OBJECT_CONVERSION = YES_AGGRESSIVE;
				CLANG_CXX_LANGUAGE_STANDARD = "gnu++17";
				CLANG_ENABLE_MODULES = YES;
				CLANG_ENABLE_OBJC_ARC = YES;
				CLANG_ENABLE_OBJC_WEAK = YES;
				CLANG_WARN_BLOCK_CAPTURE_AUTORELEASING = YES;
				CLANG_WARN_BOOL_CONVERSION = YES;
				CLANG_WARN_COMMA = YES;
				CLANG_WARN_CONSTANT_CONVERSION = YES;
				CLANG_WARN_DEPRECATED_OBJC_IMPLEMENTATIONS = YES;
				CLANG_WARN_DIRECT_OBJC_ISA_USAGE = YES_ERROR;
				CLANG_WARN_DOCUMENTATION_COMMENTS = YES;
				CLANG_WARN_EMPTY_BODY = YES;
				CLANG_WARN_ENUM_CONVERSION = YES;
				CLANG_WARN_INFINITE_RECURSION = YES;
				CLANG_WARN_INT_CONVERSION = YES;
				CLANG_WARN_NON_LITERAL_NULL_CONVERSION = YES;
				CLANG_WARN_OBJC_IMPLICIT_RETAIN_SELF = YES;
				CLANG_WARN_OBJC_LITERAL_CONVERSION = YES;
				CLANG_WARN_OBJC_ROOT_CLASS = YES_ERROR;
				CLANG_WARN_QUOTED_INCLUDE_IN_FRAMEWORK_HEADER = YES;
				CLANG_WARN_RANGE_LOOP_ANALYSIS = YES;
				CLANG_WARN_STRICT_PROTOTYPES = YES;
				CLANG_WARN_SUSPICIOUS_MOVE = YES;
				CLANG_WARN_UNGUARDED_AVAILABILITY = YES_AGGRESSIVE;
				CLANG_WARN_UNREACHABLE_CODE = YES;
				CLANG_WARN__DUPLICATE_METHOD_MATCH = YES;
				COPY_PHASE_STRIP = NO;
				DEBUG_INFORMATION_FORMAT = dwarf;
				ENABLE_STRICT_OBJC_MSGSEND = YES;
				ENABLE_TESTABILITY = YES;
				GCC_C_LANGUAGE_STANDARD = gnu11;
				GCC_DYNAMIC_NO_PIC = NO;
				GCC_NO_COMMON_BLOCKS = YES;
				GCC_OPTIMIZATION_LEVEL = 0;
				GCC_PREPROCESSOR_DEFINITIONS = (
					"DEBUG=1",
					"$(inherited)",
				);
				GCC_WARN_64_TO_32_BIT_CONVERSION = YES;
				GCC_WARN_ABOUT_RETURN_TYPE = YES_ERROR;
				GCC_WARN_UNDECLARED_SELECTOR = YES;
				GCC_WARN_UNINITIALIZED_AUTOS = YES_AGGRESSIVE;
				GCC_WARN_UNUSED_FUNCTION = YES;
				GCC_WARN_UNUSED_VARIABLE = YES;
				IPHONEOS_DEPLOYMENT_TARGET = 15.5;
				MTL_ENABLE_DEBUG_INFO = INCLUDE_SOURCE;
				MTL_FAST_MATH = YES;
				ONLY_ACTIVE_ARCH = YES;
				SDKROOT = iphoneos;
				SWIFT_ACTIVE_COMPILATION_CONDITIONS = DEBUG;
				SWIFT_OPTIMIZATION_LEVEL = "-Onone";
			};
			name = Debug;
		};
		CB5F4C482889933F009E42EF /* Release */ = {
			isa = XCBuildConfiguration;
			buildSettings = {
				ALWAYS_SEARCH_USER_PATHS = NO;
				CLANG_ANALYZER_NONNULL = YES;
				CLANG_ANALYZER_NUMBER_OBJECT_CONVERSION = YES_AGGRESSIVE;
				CLANG_CXX_LANGUAGE_STANDARD = "gnu++17";
				CLANG_ENABLE_MODULES = YES;
				CLANG_ENABLE_OBJC_ARC = YES;
				CLANG_ENABLE_OBJC_WEAK = YES;
				CLANG_WARN_BLOCK_CAPTURE_AUTORELEASING = YES;
				CLANG_WARN_BOOL_CONVERSION = YES;
				CLANG_WARN_COMMA = YES;
				CLANG_WARN_CONSTANT_CONVERSION = YES;
				CLANG_WARN_DEPRECATED_OBJC_IMPLEMENTATIONS = YES;
				CLANG_WARN_DIRECT_OBJC_ISA_USAGE = YES_ERROR;
				CLANG_WARN_DOCUMENTATION_COMMENTS = YES;
				CLANG_WARN_EMPTY_BODY = YES;
				CLANG_WARN_ENUM_CONVERSION = YES;
				CLANG_WARN_INFINITE_RECURSION = YES;
				CLANG_WARN_INT_CONVERSION = YES;
				CLANG_WARN_NON_LITERAL_NULL_CONVERSION = YES;
				CLANG_WARN_OBJC_IMPLICIT_RETAIN_SELF = YES;
				CLANG_WARN_OBJC_LITERAL_CONVERSION = YES;
				CLANG_WARN_OBJC_ROOT_CLASS = YES_ERROR;
				CLANG_WARN_QUOTED_INCLUDE_IN_FRAMEWORK_HEADER = YES;
				CLANG_WARN_RANGE_LOOP_ANALYSIS = YES;
				CLANG_WARN_STRICT_PROTOTYPES = YES;
				CLANG_WARN_SUSPICIOUS_MOVE = YES;
				CLANG_WARN_UNGUARDED_AVAILABILITY = YES_AGGRESSIVE;
				CLANG_WARN_UNREACHABLE_CODE = YES;
				CLANG_WARN__DUPLICATE_METHOD_MATCH = YES;
				COPY_PHASE_STRIP = NO;
				DEBUG_INFORMATION_FORMAT = "dwarf-with-dsym";
				ENABLE_NS_ASSERTIONS = NO;
				ENABLE_STRICT_OBJC_MSGSEND = YES;
				GCC_C_LANGUAGE_STANDARD = gnu11;
				GCC_NO_COMMON_BLOCKS = YES;
				GCC_WARN_64_TO_32_BIT_CONVERSION = YES;
				GCC_WARN_ABOUT_RETURN_TYPE = YES_ERROR;
				GCC_WARN_UNDECLARED_SELECTOR = YES;
				GCC_WARN_UNINITIALIZED_AUTOS = YES_AGGRESSIVE;
				GCC_WARN_UNUSED_FUNCTION = YES;
				GCC_WARN_UNUSED_VARIABLE = YES;
				IPHONEOS_DEPLOYMENT_TARGET = 15.5;
				MTL_ENABLE_DEBUG_INFO = NO;
				MTL_FAST_MATH = YES;
				SDKROOT = iphoneos;
				SWIFT_COMPILATION_MODE = wholemodule;
				SWIFT_OPTIMIZATION_LEVEL = "-O";
				VALIDATE_PRODUCT = YES;
			};
			name = Release;
		};
		CB5F4C4A2889933F009E42EF /* Debug */ = {
			isa = XCBuildConfiguration;
			buildSettings = {
				ASSETCATALOG_COMPILER_APPICON_NAME = AppIcon;
				ASSETCATALOG_COMPILER_GLOBAL_ACCENT_COLOR_NAME = AccentColor;
				CODE_SIGN_STYLE = Automatic;
				CURRENT_PROJECT_VERSION = 1;
				DEVELOPMENT_ASSET_PATHS = "\"CobyChat/Preview Content\"";
				DEVELOPMENT_TEAM = 3Y8YH8GWMM;
				ENABLE_PREVIEWS = YES;
				GENERATE_INFOPLIST_FILE = YES;
				INFOPLIST_KEY_UIApplicationSceneManifest_Generation = YES;
				INFOPLIST_KEY_UIApplicationSupportsIndirectInputEvents = YES;
				INFOPLIST_KEY_UILaunchScreen_Generation = YES;
				INFOPLIST_KEY_UISupportedInterfaceOrientations_iPad = "UIInterfaceOrientationPortrait UIInterfaceOrientationPortraitUpsideDown UIInterfaceOrientationLandscapeLeft UIInterfaceOrientationLandscapeRight";
				INFOPLIST_KEY_UISupportedInterfaceOrientations_iPhone = "UIInterfaceOrientationPortrait UIInterfaceOrientationLandscapeLeft UIInterfaceOrientationLandscapeRight";
				LD_RUNPATH_SEARCH_PATHS = (
					"$(inherited)",
					"@executable_path/Frameworks",
				);
				MARKETING_VERSION = 1.0;
				PRODUCT_BUNDLE_IDENTIFIER = com.coby.CobyChat;
				PRODUCT_NAME = "$(TARGET_NAME)";
				SWIFT_EMIT_LOC_STRINGS = YES;
				SWIFT_VERSION = 5.0;
				TARGETED_DEVICE_FAMILY = "1,2";
			};
			name = Debug;
		};
		CB5F4C4B2889933F009E42EF /* Release */ = {
			isa = XCBuildConfiguration;
			buildSettings = {
				ASSETCATALOG_COMPILER_APPICON_NAME = AppIcon;
				ASSETCATALOG_COMPILER_GLOBAL_ACCENT_COLOR_NAME = AccentColor;
				CODE_SIGN_STYLE = Automatic;
				CURRENT_PROJECT_VERSION = 1;
				DEVELOPMENT_ASSET_PATHS = "\"CobyChat/Preview Content\"";
				DEVELOPMENT_TEAM = 3Y8YH8GWMM;
				ENABLE_PREVIEWS = YES;
				GENERATE_INFOPLIST_FILE = YES;
				INFOPLIST_KEY_UIApplicationSceneManifest_Generation = YES;
				INFOPLIST_KEY_UIApplicationSupportsIndirectInputEvents = YES;
				INFOPLIST_KEY_UILaunchScreen_Generation = YES;
				INFOPLIST_KEY_UISupportedInterfaceOrientations_iPad = "UIInterfaceOrientationPortrait UIInterfaceOrientationPortraitUpsideDown UIInterfaceOrientationLandscapeLeft UIInterfaceOrientationLandscapeRight";
				INFOPLIST_KEY_UISupportedInterfaceOrientations_iPhone = "UIInterfaceOrientationPortrait UIInterfaceOrientationLandscapeLeft UIInterfaceOrientationLandscapeRight";
				LD_RUNPATH_SEARCH_PATHS = (
					"$(inherited)",
					"@executable_path/Frameworks",
				);
				MARKETING_VERSION = 1.0;
				PRODUCT_BUNDLE_IDENTIFIER = com.coby.CobyChat;
				PRODUCT_NAME = "$(TARGET_NAME)";
				SWIFT_EMIT_LOC_STRINGS = YES;
				SWIFT_VERSION = 5.0;
				TARGETED_DEVICE_FAMILY = "1,2";
			};
			name = Release;
		};
/* End XCBuildConfiguration section */

/* Begin XCConfigurationList section */
		CB5F4C362889933E009E42EF /* Build configuration list for PBXProject "CobyChat" */ = {
			isa = XCConfigurationList;
			buildConfigurations = (
				CB5F4C472889933F009E42EF /* Debug */,
				CB5F4C482889933F009E42EF /* Release */,
			);
			defaultConfigurationIsVisible = 0;
			defaultConfigurationName = Release;
		};
		CB5F4C492889933F009E42EF /* Build configuration list for PBXNativeTarget "CobyChat" */ = {
			isa = XCConfigurationList;
			buildConfigurations = (
				CB5F4C4A2889933F009E42EF /* Debug */,
				CB5F4C4B2889933F009E42EF /* Release */,
			);
			defaultConfigurationIsVisible = 0;
			defaultConfigurationName = Release;
		};
/* End XCConfigurationList section */

/* Begin XCRemoteSwiftPackageReference section */
		CB31415B288CFA44001125E8 /* XCRemoteSwiftPackageReference "SDWebImageSwiftUI" */ = {
			isa = XCRemoteSwiftPackageReference;
			repositoryURL = "https://github.com/SDWebImage/SDWebImageSwiftUI.git";
			requirement = {
				kind = upToNextMajorVersion;
				minimumVersion = 2.0.0;
			};
		};
		CB3AB466288AFC3F00AB2E86 /* XCRemoteSwiftPackageReference "firebase-ios-sdk" */ = {
			isa = XCRemoteSwiftPackageReference;
			repositoryURL = "https://github.com/firebase/firebase-ios-sdk";
			requirement = {
				branch = master;
				kind = branch;
			};
		};
		CBF6593D2889C54C00BFF9F0 /* XCRemoteSwiftPackageReference "firebase-ios-sdk" */ = {
			isa = XCRemoteSwiftPackageReference;
			repositoryURL = "https://github.com/firebase/firebase-ios-sdk";
			requirement = {
				branch = master;
				kind = branch;
			};
		};
/* End XCRemoteSwiftPackageReference section */

/* Begin XCSwiftPackageProductDependency section */
		CB31415C288CFA44001125E8 /* SDWebImageSwiftUI */ = {
			isa = XCSwiftPackageProductDependency;
			package = CB31415B288CFA44001125E8 /* XCRemoteSwiftPackageReference "SDWebImageSwiftUI" */;
			productName = SDWebImageSwiftUI;
		};
		CB3AB467288AFC3F00AB2E86 /* FirebaseFirestore */ = {
			isa = XCSwiftPackageProductDependency;
			package = CBF6593D2889C54C00BFF9F0 /* XCRemoteSwiftPackageReference "firebase-ios-sdk" */;
			productName = FirebaseFirestore;
		};
		CB3AB469288AFC3F00AB2E86 /* FirebaseStorage */ = {
			isa = XCSwiftPackageProductDependency;
			package = CBF6593D2889C54C00BFF9F0 /* XCRemoteSwiftPackageReference "firebase-ios-sdk" */;
			productName = FirebaseStorage;
		};
		CBF6593E2889C54C00BFF9F0 /* FirebaseAuth */ = {
			isa = XCSwiftPackageProductDependency;
			package = CBF6593D2889C54C00BFF9F0 /* XCRemoteSwiftPackageReference "firebase-ios-sdk" */;
			productName = FirebaseAuth;
		};
		CBF659402889C54C00BFF9F0 /* FirebaseStorage */ = {
			isa = XCSwiftPackageProductDependency;
			package = CBF6593D2889C54C00BFF9F0 /* XCRemoteSwiftPackageReference "firebase-ios-sdk" */;
			productName = FirebaseStorage;
		};
/* End XCSwiftPackageProductDependency section */
	};
	rootObject = CB5F4C332889933E009E42EF /* Project object */;
}
